GEM
  remote: https://rubygems.org/
  specs:
    compact_index (0.15.0)
    diff-lcs (1.6.2)
    kramdown (2.5.1)
      rexml (>= 3.3.9)
    kramdown-parser-gfm (1.1.0)
      kramdown (~> 2.0)
    mini_portile2 (2.8.9)
    mustache (1.1.1)
    nokogiri (1.18.10)
      mini_portile2 (~> 2.8.2)
      racc (~> 1.4)
    nokogiri (1.18.10-aarch64-linux-gnu)
      racc (~> 1.4)
    nokogiri (1.18.10-arm-linux-gnu)
      racc (~> 1.4)
    nokogiri (1.18.10-arm64-darwin)
      racc (~> 1.4)
    nokogiri (1.18.10-java)
      racc (~> 1.4)
    nokogiri (1.18.10-x64-mingw-ucrt)
      racc (~> 1.4)
    nokogiri (1.18.10-x86_64-darwin)
      racc (~> 1.4)
    nokogiri (1.18.10-x86_64-linux-gnu)
      racc (~> 1.4)
    parallel (1.27.0)
    parallel_tests (4.10.1)
      parallel
    power_assert (3.0.1)
    racc (1.8.1)
    racc (1.8.1-java)
    rake (13.3.1)
    rake-compiler-dock (1.9.1)
    rb_sys (0.9.117)
      rake-compiler-dock (= 1.9.1)
    rexml (3.4.4)
    ronn-ng (0.10.1)
      kramdown (~> 2, >= 2.1)
      kramdown-parser-gfm (~> 1, >= 1.0.1)
      mustache (~> 1)
      nokogiri (~> 1, >= 1.14.3)
    rspec (3.13.2)
      rspec-core (~> 3.13.0)
      rspec-expectations (~> 3.13.0)
      rspec-mocks (~> 3.13.0)
    rspec-core (3.13.6)
      rspec-support (~> 3.13.0)
    rspec-expectations (3.13.5)
      diff-lcs (>= 1.2.0, < 2.0)
      rspec-support (~> 3.13.0)
    rspec-mocks (3.13.7)
      diff-lcs (>= 1.2.0, < 2.0)
      rspec-support (~> 3.13.0)
    rspec-support (3.13.6)
    rubygems-generate_index (1.1.3)
      compact_index (~> 0.15.0)
    test-unit (3.7.1)
      power_assert
    test-unit-ruby-core (1.0.13)
      test-unit
    turbo_tests (2.2.5)
      parallel_tests (>= 3.3.0, < 5)
      rspec (>= 3.10)

PLATFORMS
  aarch64-darwin
  aarch64-linux
  arm-linux
  arm64-darwin
  java
  ruby
  universal-java
  x64-mingw-ucrt
  x64-mswin64-140
  x86-linux
  x86_64-darwin
  x86_64-linux

DEPENDENCIES
  parallel (~> 1.19)
  parallel_tests (~> 4.10.1)
  rake (~> 13.1)
  rb_sys
  ronn-ng (~> 0.10.1)
  rspec-core (~> 3.12)
  rspec-expectations (~> 3.12)
  rspec-mocks (~> 3.12)
  rubygems-generate_index (~> 1.1)
  test-unit (~> 3.0)
  test-unit-ruby-core
  turbo_tests (~> 2.2.3)

CHECKSUMS
  compact_index (0.15.0) sha256=5c6c404afca8928a7d9f4dde9524f6e1610db17e675330803055db282da84a8b
  diff-lcs (1.6.2) sha256=9ae0d2cba7d4df3075fe8cd8602a8604993efc0dfa934cff568969efb1909962
  kramdown (2.5.1) sha256=87bbb6abd9d3cebe4fc1f33e367c392b4500e6f8fa19dd61c0972cf4afe7368c
  kramdown-parser-gfm (1.1.0) sha256=fb39745516427d2988543bf01fc4cf0ab1149476382393e0e9c48592f6581729
  mini_portile2 (2.8.9) sha256=0cd7c7f824e010c072e33f68bc02d85a00aeb6fce05bb4819c03dfd3c140c289
  mustache (1.1.1) sha256=90891fdd50b53919ca334c8c1031eada1215e78d226d5795e523d6123a2717d0
  nokogiri (1.18.10) sha256=d5cc0731008aa3b3a87b361203ea3d19b2069628cb55e46ac7d84a0445e69cc1
  nokogiri (1.18.10-aarch64-linux-gnu) sha256=7fb87235d729c74a2be635376d82b1d459230cc17c50300f8e4fcaabc6195344
  nokogiri (1.18.10-arm-linux-gnu) sha256=51f4f25ab5d5ba1012d6b16aad96b840a10b067b93f35af6a55a2c104a7ee322
  nokogiri (1.18.10-arm64-darwin) sha256=c2b0de30770f50b92c9323fa34a4e1cf5a0af322afcacd239cd66ee1c1b22c85
  nokogiri (1.18.10-java) sha256=cd431a09c45d84a2f870ba0b7e8f571199b3727d530f2b4888a73639f76510b5
  nokogiri (1.18.10-x64-mingw-ucrt) sha256=64f40d4a41af9f7f83a4e236ad0cf8cca621b97e31f727b1bebdae565a653104
  nokogiri (1.18.10-x86_64-darwin) sha256=536e74bed6db2b5076769cab5e5f5af0cd1dccbbd75f1b3e1fa69d1f5c2d79e2
  nokogiri (1.18.10-x86_64-linux-gnu) sha256=ff5ba26ba2dbce5c04b9ea200777fd225061d7a3930548806f31db907e500f72
  parallel (1.27.0) sha256=4ac151e1806b755fb4e2dc2332cbf0e54f2e24ba821ff2d3dcf86bf6dc4ae130
  parallel_tests (4.10.1) sha256=df05458c691462b210f7a41fc2651d4e4e8a881e8190e6d1e122c92c07735d70
  power_assert (3.0.1) sha256=8ce9876716cc74e863fcd4cdcdc52d792bd983598d1af3447083a3a9a4d34103
  racc (1.8.1) sha256=4a7f6929691dbec8b5209a0b373bc2614882b55fc5d2e447a21aaa691303d62f
  racc (1.8.1-java) sha256=54f2e6d1e1b91c154013277d986f52a90e5ececbe91465d29172e49342732b98
  rake (13.3.1) sha256=8c9e89d09f66a26a01264e7e3480ec0607f0c497a861ef16063604b1b08eb19c
  rake-compiler-dock (1.9.1) sha256=e73720a29aba9c114728ce39cc0d8eef69ba61d88e7978c57bac171724cd4d53
  rb_sys (0.9.117) sha256=755feaf6c640baceca7a9362dfb0ae87ff4ff16e3566d9ef86533896eb85cb59
  rexml (3.4.4) sha256=19e0a2c3425dfbf2d4fc1189747bdb2f849b6c5e74180401b15734bc97b5d142
  ronn-ng (0.10.1) sha256=4eeb0185c0fbfa889efed923b5b50e949cd869e7d82ac74138acd0c9c7165ec0
  rspec (3.13.2) sha256=206284a08ad798e61f86d7ca3e376718d52c0bc944626b2349266f239f820587
  rspec-core (3.13.6) sha256=a8823c6411667b60a8bca135364351dda34cd55e44ff94c4be4633b37d828b2d
  rspec-expectations (3.13.5) sha256=33a4d3a1d95060aea4c94e9f237030a8f9eae5615e9bd85718fe3a09e4b58836
  rspec-mocks (3.13.7) sha256=0979034e64b1d7a838aaaddf12bf065ea4dc40ef3d4c39f01f93ae2c66c62b1c
  rspec-support (3.13.6) sha256=2e8de3702427eab064c9352fe74488cc12a1bfae887ad8b91cba480ec9f8afb2
  rubygems-generate_index (1.1.3) sha256=3571424322666598e9586a906485e1543b617f87644913eaf137d986a3393f5c
  test-unit (3.7.1) sha256=be595279c3427c00f57600db3dd59b6a9596e1f1e447864b158608d8e0d91570
  test-unit-ruby-core (1.0.13) sha256=0c08e61b3b97060028a47d8fc4827de077fdbfc26ef80b4afd9035b9e15ecc5b
  turbo_tests (2.2.5) sha256=3fa31497d12976d11ccc298add29107b92bda94a90d8a0a5783f06f05102509f

BUNDLED WITH
  4.0.3
