GEM
  remote: https://rubygems.org/
  specs:
    base64 (0.2.0)
    builder (3.3.0)
    compact_index (0.15.0)
    logger (1.6.5)
    mustermann (3.0.3)
      ruby2_keywords (~> 0.0.1)
    rack (3.1.8)
    rack-protection (4.1.1)
      base64 (>= 0.1.0)
      logger (>= 1.6.0)
      rack (>= 3.0.0, < 4)
    rack-session (2.1.0)
      base64 (>= 0.1.0)
      rack (>= 3.0.0)
    rack-test (2.1.0)
      rack (>= 1.3)
    rackup (2.1.0)
      rack (>= 3)
      webrick (~> 1.8)
    rake (13.2.1)
    rb_sys (0.9.102)
    ruby2_keywords (0.0.5)
    rubygems-generate_index (1.1.3)
      compact_index (~> 0.15.0)
    sinatra (4.1.1)
      logger (>= 1.6.0)
      mustermann (~> 3.0)
      rack (>= 3.0.0, < 4)
      rack-protection (= 4.1.1)
      rack-session (>= 2.0.0, < 3)
      tilt (~> 2.0)
    tilt (2.5.0)
    webrick (1.9.0)

PLATFORMS
  java
  ruby
  universal-java
  x64-mingw-ucrt
  x86_64-darwin
  x86_64-linux

DEPENDENCIES
  builder (~> 3.2)
  compact_index (~> 0.15.0)
  rack (~> 3.0)
  rack-test (~> 2.1)
  rackup (~> 2.1)
  rake (~> 13.1)
  rb_sys
  rubygems-generate_index (~> 1.1)
  sinatra (~> 4.1)
  webrick (~> 1.9)

CHECKSUMS
  base64 (0.2.0) sha256=0f25e9b21a02a0cc0cea8ef92b2041035d39350946e8789c562b2d1a3da01507
  builder (3.3.0) sha256=497918d2f9dca528fdca4b88d84e4ef4387256d984b8154e9d5d3fe5a9c8835f
  compact_index (0.15.0) sha256=5c6c404afca8928a7d9f4dde9524f6e1610db17e675330803055db282da84a8b
  logger (1.6.5) sha256=c3cfe56d01656490ddd103d38b8993d73d86296adebc5f58cefc9ec03741e56b
  mustermann (3.0.3) sha256=d1f8e9ba2ddaed47150ddf81f6a7ea046826b64c672fbc92d83bce6b70657e88
  rack (3.1.8) sha256=d3fbcbca43dc2b43c9c6d7dfbac01667ae58643c42cea10013d0da970218a1b1
  rack-protection (4.1.1) sha256=51a254a5d574a7f0ca4f0672025ce2a5ef7c8c3bd09c431349d683e825d7d16a
  rack-session (2.1.0) sha256=437c3916535b58ef71c816ce4a2dee0a01c8a52ae6077dc2b6cd19085760a290
  rack-test (2.1.0) sha256=0c61fc61904049d691922ea4bb99e28004ed3f43aa5cfd495024cc345f125dfb
  rackup (2.1.0) sha256=6ecb884a581990332e45ee17bdfdc14ccbee46c2f710ae1566019907869a6c4d
  rake (13.2.1) sha256=46cb38dae65d7d74b6020a4ac9d48afed8eb8149c040eccf0523bec91907059d
  rb_sys (0.9.102) sha256=6ed736cc0d0bc236327e233f349ba16913231051df1c886c471ed268ce0e623b
  ruby2_keywords (0.0.5) sha256=ffd13740c573b7301cf7a2e61fc857b2a8e3d3aff32545d6f8300d8bae10e3ef
  rubygems-generate_index (1.1.3) sha256=3571424322666598e9586a906485e1543b617f87644913eaf137d986a3393f5c
  sinatra (4.1.1) sha256=4e997b859aa1b5d2e624f85d5b0fd0f0b3abc0da44daa6cbdf10f7c0da9f4d00
  tilt (2.5.0) sha256=3c871a9ffb0fd8191944d8bbd776a371ba1eeb683483cecf1b2572b292293b15
  webrick (1.9.0) sha256=9ee50c57006489960b2a07544f68de6f23dfbee30e7b424167b5c14b72ace964

BUNDLED WITH
   2.7.0.dev
