GEM
  remote: https://rubygems.org/
  specs:
    artifice (0.6)
      rack-test
    builder (3.2.4)
    compact_index (0.13.0)
    mustermann (1.1.1)
      ruby2_keywords (~> 0.0.1)
    rack (2.0.8)
    rack-protection (2.0.8.1)
      rack
    rack-test (1.1.0)
      rack (>= 1.0, < 3)
    rake (13.0.1)
    ruby2_keywords (0.0.5)
    sinatra (2.0.8.1)
      mustermann (~> 1.0)
      rack (~> 2.0)
      rack-protection (= 2.0.8.1)
      tilt (~> 2.0)
    tilt (2.0.10)
    webrick (1.7.0)

PLATFORMS
  java
  ruby
  universal-java-11
  universal-java-18
  x64-mingw-ucrt
  x64-mingw32
  x86_64-darwin-20
  x86_64-linux

DEPENDENCIES
  artifice (~> 0.6.0)
  builder (~> 3.2)
  compact_index (~> 0.13.0)
  rack (= 2.0.8)
  rack-test (~> 1.1)
  rake (= 13.0.1)
  sinatra (~> 2.0)
  webrick (= 1.7.0)

BUNDLED WITH
   2.3.22
