# This file is automatically @generated by Cargo.
# It is not intended for manual editing.
version = 3

[[package]]
name = "capstone"
version = "0.13.0"
source = "registry+https://github.com/rust-lang/crates.io-index"
checksum = "015ef5d5ca1743e3f94af9509ba6bd2886523cfee46e48d15c2ef5216fd4ac9a"
dependencies = [
 "capstone-sys",
 "libc",
]

[[package]]
name = "capstone-sys"
version = "0.17.0"
source = "registry+https://github.com/rust-lang/crates.io-index"
checksum = "2267cb8d16a1e4197863ec4284ffd1aec26fe7e57c58af46b02590a0235809a0"
dependencies = [
 "cc",
 "libc",
]

[[package]]
name = "cc"
version = "1.0.73"
source = "registry+https://github.com/rust-lang/crates.io-index"
checksum = "2fff2a6927b3bb87f9595d67196a70493f627687a71d87a0d692242c33f58c11"

[[package]]
name = "libc"
version = "0.2.124"
source = "registry+https://github.com/rust-lang/crates.io-index"
checksum = "21a41fed9d98f27ab1c6d161da622a4fa35e8a54a8adc24bbf3ddd0ef70b0e50"

[[package]]
name = "yjit"
version = "0.1.0"
dependencies = [
 "capstone",
]
