# This file is automatically @generated by Cargo.
# It is not intended for manual editing.
version = 3

[[package]]
name = "capstone"
version = "0.14.0"
source = "registry+https://github.com/rust-lang/crates.io-index"
checksum = "f442ae0f2f3f1b923334b4a5386c95c69c1cfa072bafa23d6fae6d9682eb1dd4"
dependencies = [
 "capstone-sys",
 "static_assertions",
]

[[package]]
name = "capstone-sys"
version = "0.18.0"
source = "registry+https://github.com/rust-lang/crates.io-index"
checksum = "a4e8087cab6731295f5a2a2bd82989ba4f41d3a428aab2e7c98d8f4db38aac05"
dependencies = [
 "cc",
]

[[package]]
name = "cc"
version = "1.0.73"
source = "registry+https://github.com/rust-lang/crates.io-index"
checksum = "2fff2a6927b3bb87f9595d67196a70493f627687a71d87a0d692242c33f58c11"

[[package]]
name = "jit"
version = "0.1.0"

[[package]]
name = "static_assertions"
version = "1.1.0"
source = "registry+https://github.com/rust-lang/crates.io-index"
checksum = "a2eb9349b6444b326872e140eb1cf5e7c522154d69e7a0ffb0fb81c06b37543f"

[[package]]
name = "yjit"
version = "0.1.0"
dependencies = [
 "capstone",
 "jit",
]
