# This file is automatically @generated by Cargo.
# It is not intended for manual editing.
version = 3

[[package]]
name = "capstone"
version = "0.13.0"
source = "registry+https://github.com/rust-lang/crates.io-index"
checksum = "015ef5d5ca1743e3f94af9509ba6bd2886523cfee46e48d15c2ef5216fd4ac9a"
dependencies = [
 "capstone-sys",
 "libc",
]

[[package]]
name = "capstone-sys"
version = "0.17.0"
source = "registry+https://github.com/rust-lang/crates.io-index"
checksum = "2267cb8d16a1e4197863ec4284ffd1aec26fe7e57c58af46b02590a0235809a0"
dependencies = [
 "cc",
 "libc",
]

[[package]]
name = "cc"
version = "1.2.12"
source = "registry+https://github.com/rust-lang/crates.io-index"
checksum = "755717a7de9ec452bf7f3f1a3099085deabd7f2962b861dae91ecd7a365903d2"
dependencies = [
 "shlex",
]

[[package]]
name = "libc"
version = "0.2.169"
source = "registry+https://github.com/rust-lang/crates.io-index"
checksum = "b5aba8db14291edd000dfcc4d620c7ebfb122c613afb886ca8803fa4e128a20a"

[[package]]
name = "shlex"
version = "1.3.0"
source = "registry+https://github.com/rust-lang/crates.io-index"
checksum = "0fda2ff0d084019ba4d7c6f371c95d8fd75ce3524c3cb8fb653a3023f6323e64"

[[package]]
name = "zjit"
version = "0.0.0"
dependencies = [
 "capstone",
]
